
Microsoft Visual Studio Solution File, Format Version 12.00
# Visual Studio Version 16
VisualStudioVersion = 16.0.32126.315
MinimumVisualStudioVersion = 10.0.40219.1
Project("{2150E333-8FDC-42A3-9474-1A3956D46DE8}") = "01. Clients", "01. Clients", "{DB555F8B-A066-40E6-8348-A5AB70C6FE2C}"
EndProject
Project("{2150E333-8FDC-42A3-9474-1A3956D46DE8}") = "02. Api.Gateways", "02. Api.Gateways", "{FE04BDC0-D6B6-4431-801F-71C31EDB4198}"
EndProject
Project("{2150E333-8FDC-42A3-9474-1A3956D46DE8}") = "03. Services", "03. Services", "{8128BADA-40E1-4C83-ACE7-C55E1AE65730}"
EndProject
Project("{2150E333-8FDC-42A3-9474-1A3956D46DE8}") = "01. Identity", "01. Identity", "{F91F81ED-A494-4454-8535-53BC1E486BDC}"
EndProject
Project("{2150E333-8FDC-42A3-9474-1A3956D46DE8}") = "02. Catalog", "02. Catalog", "{3BD7FD6C-5DAB-4CCC-ADA5-B08079218AB9}"
EndProject
Project("{2150E333-8FDC-42A3-9474-1A3956D46DE8}") = "03. Customer", "03. Customer", "{BE58288C-8D9D-4226-95A6-F7579B2F5F10}"
EndProject
Project("{2150E333-8FDC-42A3-9474-1A3956D46DE8}") = "04. Order", "04. Order", "{FC27694D-476C-4A12-9BB3-8F6299020A25}"
EndProject
Project("{9A19103F-16F7-4668-BE54-9A1E7A4F7556}") = "Catalog.Api", "src\Services\Catalog\Catalog.Api\Catalog.Api.csproj", "{E90AE0FD-1049-445D-A0E4-F25B05A9E3EC}"
EndProject
Project("{2150E333-8FDC-42A3-9474-1A3956D46DE8}") = "01. Api", "01. Api", "{5D2FCC45-6544-45EB-A597-AD700C356B73}"
EndProject
Project("{2150E333-8FDC-42A3-9474-1A3956D46DE8}") = "02. Services", "02. Services", "{E3EB538A-47D1-482D-8295-FC69E5360EFA}"
EndProject
Project("{2150E333-8FDC-42A3-9474-1A3956D46DE8}") = "03. Persistence", "03. Persistence", "{F1B2491C-5DCC-422A-B6E8-8A70A8BAF30B}"
EndProject
Project("{2150E333-8FDC-42A3-9474-1A3956D46DE8}") = "04. Models", "04. Models", "{CBE5D969-54DD-4D57-8C7A-3D2E84B040A6}"
EndProject
Project("{9A19103F-16F7-4668-BE54-9A1E7A4F7556}") = "Catalog.Domain", "src\Services\Catalog\Catalog.Domain\Catalog.Domain.csproj", "{018C0A7D-07D4-4106-9DFC-01BF9860F4B9}"
EndProject
Project("{9A19103F-16F7-4668-BE54-9A1E7A4F7556}") = "Catalog.Persistence.Database", "src\Services\Catalog\Catalog.Persistence.Database\Catalog.Persistence.Database.csproj", "{1E341386-3C35-407C-A277-92970FF1221D}"
EndProject
Project("{9A19103F-16F7-4668-BE54-9A1E7A4F7556}") = "Catalog.Services.Queries", "src\Services\Catalog\Catalog.Services.Queries\Catalog.Services.Queries.csproj", "{39CF7F12-8064-4A14-B2E2-1AFDA18A480A}"
EndProject
Project("{2150E333-8FDC-42A3-9474-1A3956D46DE8}") = "Common", "Common", "{BDF55C75-4D74-4A8F-96D8-75A0E026D83E}"
EndProject
Project("{9A19103F-16F7-4668-BE54-9A1E7A4F7556}") = "Service.Common.Collection", "src\Common\Service.Common.Collection\Service.Common.Collection.csproj", "{94908910-209A-47FE-A66C-5F467F7990BE}"
EndProject
Project("{9A19103F-16F7-4668-BE54-9A1E7A4F7556}") = "Service.Common.Mapping", "src\Common\Service.Common.Mapping\Service.Common.Mapping.csproj", "{58110212-F1EF-4851-A9C0-C36F0235522B}"
EndProject
Project("{9A19103F-16F7-4668-BE54-9A1E7A4F7556}") = "Service.Common.Paging", "src\Common\Service.Common.Paging\Service.Common.Paging.csproj", "{8B75A8B2-08C3-4222-94F5-BB45D32AD275}"
EndProject
Project("{9A19103F-16F7-4668-BE54-9A1E7A4F7556}") = "Catalog.Service.EventHandlers", "src\Services\Catalog\Catalog.Service.EventHandlers\Catalog.Service.EventHandlers.csproj", "{F9603FC3-141C-4657-9BBB-DD4A51CE0F77}"
EndProject
Project("{2150E333-8FDC-42A3-9474-1A3956D46DE8}") = "05. Common", "05. Common", "{CCBF0A79-D7E6-4686-8A2E-4A613DD61ED2}"
EndProject
Project("{9A19103F-16F7-4668-BE54-9A1E7A4F7556}") = "Catalog.Common", "src\Services\Catalog\Catalog.Common\Catalog.Common.csproj", "{4FE8C749-1848-4AB9-B9A4-C014E9ED9D05}"
EndProject
Project("{2150E333-8FDC-42A3-9474-1A3956D46DE8}") = "04. Common", "04. Common", "{98C75292-354D-4391-877E-BC338F7E79E2}"
EndProject
Project("{9A19103F-16F7-4668-BE54-9A1E7A4F7556}") = "Common.Loggin", "src\Common2\Common.Loggin\Common.Loggin.csproj", "{6F6761F1-1AA6-4278-8177-C5F813126C42}"
EndProject
Project("{2150E333-8FDC-42A3-9474-1A3956D46DE8}") = "06. Testing", "06. Testing", "{321245B7-70FC-4295-8D49-F8486EA3D41B}"
EndProject
Project("{FAE04EC0-301F-11D3-BF4B-00C04F79EFBC}") = "Catalog.Tests", "src\Services\Catalog\Catalog.Tests\Catalog.Tests.csproj", "{71F7AD01-D9D4-455F-ABC3-1836090DE631}"
EndProject
Global
	GlobalSection(SolutionConfigurationPlatforms) = preSolution
		Debug|Any CPU = Debug|Any CPU
		Release|Any CPU = Release|Any CPU
	EndGlobalSection
	GlobalSection(ProjectConfigurationPlatforms) = postSolution
		{E90AE0FD-1049-445D-A0E4-F25B05A9E3EC}.Debug|Any CPU.ActiveCfg = Debug|Any CPU
		{E90AE0FD-1049-445D-A0E4-F25B05A9E3EC}.Debug|Any CPU.Build.0 = Debug|Any CPU
		{E90AE0FD-1049-445D-A0E4-F25B05A9E3EC}.Release|Any CPU.ActiveCfg = Release|Any CPU
		{E90AE0FD-1049-445D-A0E4-F25B05A9E3EC}.Release|Any CPU.Build.0 = Release|Any CPU
		{018C0A7D-07D4-4106-9DFC-01BF9860F4B9}.Debug|Any CPU.ActiveCfg = Debug|Any CPU
		{018C0A7D-07D4-4106-9DFC-01BF9860F4B9}.Debug|Any CPU.Build.0 = Debug|Any CPU
		{018C0A7D-07D4-4106-9DFC-01BF9860F4B9}.Release|Any CPU.ActiveCfg = Release|Any CPU
		{018C0A7D-07D4-4106-9DFC-01BF9860F4B9}.Release|Any CPU.Build.0 = Release|Any CPU
		{1E341386-3C35-407C-A277-92970FF1221D}.Debug|Any CPU.ActiveCfg = Debug|Any CPU
		{1E341386-3C35-407C-A277-92970FF1221D}.Debug|Any CPU.Build.0 = Debug|Any CPU
		{1E341386-3C35-407C-A277-92970FF1221D}.Release|Any CPU.ActiveCfg = Release|Any CPU
		{1E341386-3C35-407C-A277-92970FF1221D}.Release|Any CPU.Build.0 = Release|Any CPU
		{39CF7F12-8064-4A14-B2E2-1AFDA18A480A}.Debug|Any CPU.ActiveCfg = Debug|Any CPU
		{39CF7F12-8064-4A14-B2E2-1AFDA18A480A}.Debug|Any CPU.Build.0 = Debug|Any CPU
		{39CF7F12-8064-4A14-B2E2-1AFDA18A480A}.Release|Any CPU.ActiveCfg = Release|Any CPU
		{39CF7F12-8064-4A14-B2E2-1AFDA18A480A}.Release|Any CPU.Build.0 = Release|Any CPU
		{94908910-209A-47FE-A66C-5F467F7990BE}.Debug|Any CPU.ActiveCfg = Debug|Any CPU
		{94908910-209A-47FE-A66C-5F467F7990BE}.Debug|Any CPU.Build.0 = Debug|Any CPU
		{94908910-209A-47FE-A66C-5F467F7990BE}.Release|Any CPU.ActiveCfg = Release|Any CPU
		{94908910-209A-47FE-A66C-5F467F7990BE}.Release|Any CPU.Build.0 = Release|Any CPU
		{58110212-F1EF-4851-A9C0-C36F0235522B}.Debug|Any CPU.ActiveCfg = Debug|Any CPU
		{58110212-F1EF-4851-A9C0-C36F0235522B}.Debug|Any CPU.Build.0 = Debug|Any CPU
		{58110212-F1EF-4851-A9C0-C36F0235522B}.Release|Any CPU.ActiveCfg = Release|Any CPU
		{58110212-F1EF-4851-A9C0-C36F0235522B}.Release|Any CPU.Build.0 = Release|Any CPU
		{8B75A8B2-08C3-4222-94F5-BB45D32AD275}.Debug|Any CPU.ActiveCfg = Debug|Any CPU
		{8B75A8B2-08C3-4222-94F5-BB45D32AD275}.Debug|Any CPU.Build.0 = Debug|Any CPU
		{8B75A8B2-08C3-4222-94F5-BB45D32AD275}.Release|Any CPU.ActiveCfg = Release|Any CPU
		{8B75A8B2-08C3-4222-94F5-BB45D32AD275}.Release|Any CPU.Build.0 = Release|Any CPU
		{F9603FC3-141C-4657-9BBB-DD4A51CE0F77}.Debug|Any CPU.ActiveCfg = Debug|Any CPU
		{F9603FC3-141C-4657-9BBB-DD4A51CE0F77}.Debug|Any CPU.Build.0 = Debug|Any CPU
		{F9603FC3-141C-4657-9BBB-DD4A51CE0F77}.Release|Any CPU.ActiveCfg = Release|Any CPU
		{F9603FC3-141C-4657-9BBB-DD4A51CE0F77}.Release|Any CPU.Build.0 = Release|Any CPU
		{4FE8C749-1848-4AB9-B9A4-C014E9ED9D05}.Debug|Any CPU.ActiveCfg = Debug|Any CPU
		{4FE8C749-1848-4AB9-B9A4-C014E9ED9D05}.Debug|Any CPU.Build.0 = Debug|Any CPU
		{4FE8C749-1848-4AB9-B9A4-C014E9ED9D05}.Release|Any CPU.ActiveCfg = Release|Any CPU
		{4FE8C749-1848-4AB9-B9A4-C014E9ED9D05}.Release|Any CPU.Build.0 = Release|Any CPU
		{6F6761F1-1AA6-4278-8177-C5F813126C42}.Debug|Any CPU.ActiveCfg = Debug|Any CPU
		{6F6761F1-1AA6-4278-8177-C5F813126C42}.Debug|Any CPU.Build.0 = Debug|Any CPU
		{6F6761F1-1AA6-4278-8177-C5F813126C42}.Release|Any CPU.ActiveCfg = Release|Any CPU
		{6F6761F1-1AA6-4278-8177-C5F813126C42}.Release|Any CPU.Build.0 = Release|Any CPU
		{71F7AD01-D9D4-455F-ABC3-1836090DE631}.Debug|Any CPU.ActiveCfg = Debug|Any CPU
		{71F7AD01-D9D4-455F-ABC3-1836090DE631}.Debug|Any CPU.Build.0 = Debug|Any CPU
		{71F7AD01-D9D4-455F-ABC3-1836090DE631}.Release|Any CPU.ActiveCfg = Release|Any CPU
		{71F7AD01-D9D4-455F-ABC3-1836090DE631}.Release|Any CPU.Build.0 = Release|Any CPU
	EndGlobalSection
	GlobalSection(SolutionProperties) = preSolution
		HideSolutionNode = FALSE
	EndGlobalSection
	GlobalSection(NestedProjects) = preSolution
		{F91F81ED-A494-4454-8535-53BC1E486BDC} = {8128BADA-40E1-4C83-ACE7-C55E1AE65730}
		{3BD7FD6C-5DAB-4CCC-ADA5-B08079218AB9} = {8128BADA-40E1-4C83-ACE7-C55E1AE65730}
		{BE58288C-8D9D-4226-95A6-F7579B2F5F10} = {8128BADA-40E1-4C83-ACE7-C55E1AE65730}
		{FC27694D-476C-4A12-9BB3-8F6299020A25} = {8128BADA-40E1-4C83-ACE7-C55E1AE65730}
		{E90AE0FD-1049-445D-A0E4-F25B05A9E3EC} = {5D2FCC45-6544-45EB-A597-AD700C356B73}
		{5D2FCC45-6544-45EB-A597-AD700C356B73} = {3BD7FD6C-5DAB-4CCC-ADA5-B08079218AB9}
		{E3EB538A-47D1-482D-8295-FC69E5360EFA} = {3BD7FD6C-5DAB-4CCC-ADA5-B08079218AB9}
		{F1B2491C-5DCC-422A-B6E8-8A70A8BAF30B} = {3BD7FD6C-5DAB-4CCC-ADA5-B08079218AB9}
		{CBE5D969-54DD-4D57-8C7A-3D2E84B040A6} = {3BD7FD6C-5DAB-4CCC-ADA5-B08079218AB9}
		{018C0A7D-07D4-4106-9DFC-01BF9860F4B9} = {CBE5D969-54DD-4D57-8C7A-3D2E84B040A6}
		{1E341386-3C35-407C-A277-92970FF1221D} = {F1B2491C-5DCC-422A-B6E8-8A70A8BAF30B}
		{39CF7F12-8064-4A14-B2E2-1AFDA18A480A} = {E3EB538A-47D1-482D-8295-FC69E5360EFA}
		{BDF55C75-4D74-4A8F-96D8-75A0E026D83E} = {8128BADA-40E1-4C83-ACE7-C55E1AE65730}
		{94908910-209A-47FE-A66C-5F467F7990BE} = {BDF55C75-4D74-4A8F-96D8-75A0E026D83E}
		{58110212-F1EF-4851-A9C0-C36F0235522B} = {BDF55C75-4D74-4A8F-96D8-75A0E026D83E}
		{8B75A8B2-08C3-4222-94F5-BB45D32AD275} = {BDF55C75-4D74-4A8F-96D8-75A0E026D83E}
		{F9603FC3-141C-4657-9BBB-DD4A51CE0F77} = {E3EB538A-47D1-482D-8295-FC69E5360EFA}
		{CCBF0A79-D7E6-4686-8A2E-4A613DD61ED2} = {3BD7FD6C-5DAB-4CCC-ADA5-B08079218AB9}
		{4FE8C749-1848-4AB9-B9A4-C014E9ED9D05} = {CCBF0A79-D7E6-4686-8A2E-4A613DD61ED2}
		{6F6761F1-1AA6-4278-8177-C5F813126C42} = {98C75292-354D-4391-877E-BC338F7E79E2}
		{321245B7-70FC-4295-8D49-F8486EA3D41B} = {3BD7FD6C-5DAB-4CCC-ADA5-B08079218AB9}
		{71F7AD01-D9D4-455F-ABC3-1836090DE631} = {321245B7-70FC-4295-8D49-F8486EA3D41B}
	EndGlobalSection
	GlobalSection(ExtensibilityGlobals) = postSolution
		SolutionGuid = {EC41BFFD-3A6C-4BAD-8154-6B1917DB30A9}
	EndGlobalSection
EndGlobal
