
Microsoft Visual Studio Solution File, Format Version 12.00
# Visual Studio Version 16
VisualStudioVersion = 16.0.32126.315
MinimumVisualStudioVersion = 10.0.40219.1
Project("{2150E333-8FDC-42A3-9474-1A3956D46DE8}") = "01. Clients", "01. Clients", "{DB555F8B-A066-40E6-8348-A5AB70C6FE2C}"
EndProject
Project("{2150E333-8FDC-42A3-9474-1A3956D46DE8}") = "02. Api.Gateways", "02. Api.Gateways", "{FE04BDC0-D6B6-4431-801F-71C31EDB4198}"
EndProject
Project("{2150E333-8FDC-42A3-9474-1A3956D46DE8}") = "03. Services", "03. Services", "{8128BADA-40E1-4C83-ACE7-C55E1AE65730}"
EndProject
Project("{2150E333-8FDC-42A3-9474-1A3956D46DE8}") = "01. Identity", "01. Identity", "{F91F81ED-A494-4454-8535-53BC1E486BDC}"
EndProject
Project("{2150E333-8FDC-42A3-9474-1A3956D46DE8}") = "02. Catalog", "02. Catalog", "{3BD7FD6C-5DAB-4CCC-ADA5-B08079218AB9}"
EndProject
Project("{2150E333-8FDC-42A3-9474-1A3956D46DE8}") = "03. Customer", "03. Customer", "{BE58288C-8D9D-4226-95A6-F7579B2F5F10}"
EndProject
Project("{2150E333-8FDC-42A3-9474-1A3956D46DE8}") = "04. Order", "04. Order", "{FC27694D-476C-4A12-9BB3-8F6299020A25}"
EndProject
Project("{9A19103F-16F7-4668-BE54-9A1E7A4F7556}") = "Catalog.Api", "src\Services\Catalog\Catalog.Api\Catalog.Api.csproj", "{E90AE0FD-1049-445D-A0E4-F25B05A9E3EC}"
EndProject
Project("{2150E333-8FDC-42A3-9474-1A3956D46DE8}") = "01. Api", "01. Api", "{5D2FCC45-6544-45EB-A597-AD700C356B73}"
EndProject
Project("{2150E333-8FDC-42A3-9474-1A3956D46DE8}") = "02. Services", "02. Services", "{E3EB538A-47D1-482D-8295-FC69E5360EFA}"
EndProject
Project("{2150E333-8FDC-42A3-9474-1A3956D46DE8}") = "03. Persistence", "03. Persistence", "{F1B2491C-5DCC-422A-B6E8-8A70A8BAF30B}"
EndProject
Project("{2150E333-8FDC-42A3-9474-1A3956D46DE8}") = "04. Models", "04. Models", "{CBE5D969-54DD-4D57-8C7A-3D2E84B040A6}"
EndProject
Project("{9A19103F-16F7-4668-BE54-9A1E7A4F7556}") = "Catalog.Domain", "src\Services\Catalog\Catalog.Domain\Catalog.Domain.csproj", "{018C0A7D-07D4-4106-9DFC-01BF9860F4B9}"
EndProject
Project("{9A19103F-16F7-4668-BE54-9A1E7A4F7556}") = "Catalog.Persistence.Database", "src\Services\Catalog\Catalog.Persistence.Database\Catalog.Persistence.Database.csproj", "{1E341386-3C35-407C-A277-92970FF1221D}"
EndProject
Project("{9A19103F-16F7-4668-BE54-9A1E7A4F7556}") = "Catalog.Services.Queries", "src\Services\Catalog\Catalog.Services.Queries\Catalog.Services.Queries.csproj", "{39CF7F12-8064-4A14-B2E2-1AFDA18A480A}"
EndProject
Project("{2150E333-8FDC-42A3-9474-1A3956D46DE8}") = "Common", "Common", "{BDF55C75-4D74-4A8F-96D8-75A0E026D83E}"
EndProject
Project("{9A19103F-16F7-4668-BE54-9A1E7A4F7556}") = "Service.Common.Collection", "src\Common\Service.Common.Collection\Service.Common.Collection.csproj", "{94908910-209A-47FE-A66C-5F467F7990BE}"
EndProject
Project("{9A19103F-16F7-4668-BE54-9A1E7A4F7556}") = "Service.Common.Mapping", "src\Common\Service.Common.Mapping\Service.Common.Mapping.csproj", "{58110212-F1EF-4851-A9C0-C36F0235522B}"
EndProject
Project("{9A19103F-16F7-4668-BE54-9A1E7A4F7556}") = "Service.Common.Paging", "src\Common\Service.Common.Paging\Service.Common.Paging.csproj", "{8B75A8B2-08C3-4222-94F5-BB45D32AD275}"
EndProject
Project("{9A19103F-16F7-4668-BE54-9A1E7A4F7556}") = "Catalog.Service.EventHandlers", "src\Services\Catalog\Catalog.Service.EventHandlers\Catalog.Service.EventHandlers.csproj", "{F9603FC3-141C-4657-9BBB-DD4A51CE0F77}"
EndProject
Project("{2150E333-8FDC-42A3-9474-1A3956D46DE8}") = "05. Common", "05. Common", "{CCBF0A79-D7E6-4686-8A2E-4A613DD61ED2}"
EndProject
Project("{9A19103F-16F7-4668-BE54-9A1E7A4F7556}") = "Catalog.Common", "src\Services\Catalog\Catalog.Common\Catalog.Common.csproj", "{4FE8C749-1848-4AB9-B9A4-C014E9ED9D05}"
EndProject
Project("{2150E333-8FDC-42A3-9474-1A3956D46DE8}") = "04. Common", "04. Common", "{98C75292-354D-4391-877E-BC338F7E79E2}"
EndProject
Project("{9A19103F-16F7-4668-BE54-9A1E7A4F7556}") = "Common.Loggin", "src\Common2\Common.Loggin\Common.Loggin.csproj", "{6F6761F1-1AA6-4278-8177-C5F813126C42}"
EndProject
Project("{2150E333-8FDC-42A3-9474-1A3956D46DE8}") = "06. Testing", "06. Testing", "{321245B7-70FC-4295-8D49-F8486EA3D41B}"
EndProject
Project("{9A19103F-16F7-4668-BE54-9A1E7A4F7556}") = "Catalog.Tests", "src\Services\Catalog\Catalog.Tests\Catalog.Tests.csproj", "{71F7AD01-D9D4-455F-ABC3-1836090DE631}"
EndProject
Project("{2150E333-8FDC-42A3-9474-1A3956D46DE8}") = "01. Api", "01. Api", "{0D067133-DC69-46BA-B265-3DB6EC79CAAC}"
EndProject
Project("{2150E333-8FDC-42A3-9474-1A3956D46DE8}") = "02. Services", "02. Services", "{B6F6D216-4519-4F97-A784-A6D9DDFA555E}"
EndProject
Project("{2150E333-8FDC-42A3-9474-1A3956D46DE8}") = "03. Persistence", "03. Persistence", "{3EFB46D4-EA5E-4B28-ADC6-C5D06412BA11}"
EndProject
Project("{2150E333-8FDC-42A3-9474-1A3956D46DE8}") = "04. Models", "04. Models", "{8E118AFA-E17D-4A00-828C-40B9E5BA907D}"
EndProject
Project("{2150E333-8FDC-42A3-9474-1A3956D46DE8}") = "05. Common", "05. Common", "{8B693897-3506-4755-A0D8-C0A81FE68459}"
EndProject
Project("{2150E333-8FDC-42A3-9474-1A3956D46DE8}") = "06. Testing", "06. Testing", "{C969873B-E72C-4863-989B-A6B8FE5422C2}"
EndProject
Project("{9A19103F-16F7-4668-BE54-9A1E7A4F7556}") = "Customer.Domain", "src\Services\Customer\Customer.Domain\Customer.Domain.csproj", "{769DC2D6-3F39-44EC-9B82-6A7B876615B6}"
EndProject
Project("{9A19103F-16F7-4668-BE54-9A1E7A4F7556}") = "Customer.Persistence.Database", "src\Services\Customer\Customer.Persistence.Database\Customer.Persistence.Database.csproj", "{75CB1B79-AFED-41D1-A570-46632894D8AF}"
EndProject
Project("{9A19103F-16F7-4668-BE54-9A1E7A4F7556}") = "Customer.Api", "src\Services\Customer\Customer.Api\Customer.Api.csproj", "{F968BE00-760A-4012-8440-9DE65F1A9B0B}"
EndProject
Project("{9A19103F-16F7-4668-BE54-9A1E7A4F7556}") = "Customer.Services.Queries", "src\Services\Customer\Customer.Services.Queries\Customer.Services.Queries.csproj", "{77539303-D346-457F-BF91-A38650C8F48C}"
EndProject
Project("{9A19103F-16F7-4668-BE54-9A1E7A4F7556}") = "Customer.Service.EventHandlers", "src\Services\Customer\Customer.Service.EventHandlers\Customer.Service.EventHandlers.csproj", "{2744181E-163C-4BB4-B8A8-C50EAD9BBAEB}"
EndProject
Project("{2150E333-8FDC-42A3-9474-1A3956D46DE8}") = "01. Api", "01. Api", "{DF09E41E-05F6-4CAA-9AA7-600324901E6F}"
EndProject
Project("{2150E333-8FDC-42A3-9474-1A3956D46DE8}") = "02. Services", "02. Services", "{E95AB28B-D090-4110-8B00-957153158F16}"
EndProject
Project("{2150E333-8FDC-42A3-9474-1A3956D46DE8}") = "03. Persistence", "03. Persistence", "{3DC59751-A3D8-403D-A3B5-0350CCB1ECE2}"
EndProject
Project("{2150E333-8FDC-42A3-9474-1A3956D46DE8}") = "04. Models", "04. Models", "{9AD2D9EC-FB4C-4489-8034-FB56E5607831}"
EndProject
Project("{2150E333-8FDC-42A3-9474-1A3956D46DE8}") = "05. Common", "05. Common", "{CB734B6F-A3E1-48C9-AB3B-13153DDEF543}"
EndProject
Project("{2150E333-8FDC-42A3-9474-1A3956D46DE8}") = "06. Testing", "06. Testing", "{A991EFAF-BECE-42A0-B336-8D0068007B65}"
EndProject
Project("{9A19103F-16F7-4668-BE54-9A1E7A4F7556}") = "Order.Domain", "src\Services\Order\Order.Domain\Order.Domain.csproj", "{DBE69C7F-2B12-4556-A728-EFEDA7C8A7B6}"
EndProject
Project("{9A19103F-16F7-4668-BE54-9A1E7A4F7556}") = "Order.Common", "src\Services\Order\Order.Common\Order.Common.csproj", "{963FF473-8913-4550-BB9D-AF03F63AC8FC}"
EndProject
Project("{9A19103F-16F7-4668-BE54-9A1E7A4F7556}") = "Order.Persistence.Database", "src\Services\Order\Order.Persistence.Database\Order.Persistence.Database.csproj", "{290E3C83-9690-4EBA-B3BB-70C23AF4D5F9}"
EndProject
Project("{9A19103F-16F7-4668-BE54-9A1E7A4F7556}") = "Order.Api", "src\Services\Order\Order.Api\Order.Api.csproj", "{8D1057B3-0E71-4D2C-B139-417CFAF6F6F3}"
EndProject
Project("{9A19103F-16F7-4668-BE54-9A1E7A4F7556}") = "Order.Service.Queries", "src\Services\Order\Order.Service.Queries\Order.Service.Queries.csproj", "{6BF1096A-6BB3-4F28-AA30-4BBBB02F73CA}"
EndProject
Project("{9A19103F-16F7-4668-BE54-9A1E7A4F7556}") = "Order.Service.EventHandlers", "src\Services\Order\Order.Service.EventHandlers\Order.Service.EventHandlers.csproj", "{F4A97CC3-81EA-4273-A5F9-6D4701D86CF8}"
EndProject
Project("{9A19103F-16F7-4668-BE54-9A1E7A4F7556}") = "Order.Service.Proxies", "src\Services\Order\Order.Service.Proxies\Order.Service.Proxies.csproj", "{3962590F-CEE3-4231-9C98-ED9D08D5C362}"
EndProject
Project("{2150E333-8FDC-42A3-9474-1A3956D46DE8}") = "01. Api", "01. Api", "{78FD0FEC-F720-4641-A449-A88B0AF7A833}"
EndProject
Project("{2150E333-8FDC-42A3-9474-1A3956D46DE8}") = "02. Services", "02. Services", "{5ED9F912-9D72-42D0-99C2-44F911CC4072}"
EndProject
Project("{2150E333-8FDC-42A3-9474-1A3956D46DE8}") = "03. Persistence", "03. Persistence", "{4039B62B-4BB3-435D-A686-C2E5F57318CF}"
EndProject
Project("{2150E333-8FDC-42A3-9474-1A3956D46DE8}") = "04. Models", "04. Models", "{C51CB01B-9F51-4361-9EA7-2170D79AD3B7}"
EndProject
Project("{FAE04EC0-301F-11D3-BF4B-00C04F79EFBC}") = "Identity.Domain", "src\Services\Identity\Identity.Domain\Identity.Domain.csproj", "{B9AB1EE4-C57E-4B11-BCAA-DBFC9F18A69E}"
EndProject
Project("{FAE04EC0-301F-11D3-BF4B-00C04F79EFBC}") = "Identity.Persistence.Database", "src\Services\Identity\Identity.Persistence.Database\Identity.Persistence.Database.csproj", "{8A059FD5-AAEC-43D5-823E-D32A706572EE}"
EndProject
Project("{FAE04EC0-301F-11D3-BF4B-00C04F79EFBC}") = "Identity.Api", "src\Services\Identity\Identity.Api\Identity.Api.csproj", "{88F4B680-090D-4009-8E5F-D73385CF2206}"
EndProject
Global
	GlobalSection(SolutionConfigurationPlatforms) = preSolution
		Debug|Any CPU = Debug|Any CPU
		Release|Any CPU = Release|Any CPU
	EndGlobalSection
	GlobalSection(ProjectConfigurationPlatforms) = postSolution
		{E90AE0FD-1049-445D-A0E4-F25B05A9E3EC}.Debug|Any CPU.ActiveCfg = Debug|Any CPU
		{E90AE0FD-1049-445D-A0E4-F25B05A9E3EC}.Debug|Any CPU.Build.0 = Debug|Any CPU
		{E90AE0FD-1049-445D-A0E4-F25B05A9E3EC}.Release|Any CPU.ActiveCfg = Release|Any CPU
		{E90AE0FD-1049-445D-A0E4-F25B05A9E3EC}.Release|Any CPU.Build.0 = Release|Any CPU
		{018C0A7D-07D4-4106-9DFC-01BF9860F4B9}.Debug|Any CPU.ActiveCfg = Debug|Any CPU
		{018C0A7D-07D4-4106-9DFC-01BF9860F4B9}.Debug|Any CPU.Build.0 = Debug|Any CPU
		{018C0A7D-07D4-4106-9DFC-01BF9860F4B9}.Release|Any CPU.ActiveCfg = Release|Any CPU
		{018C0A7D-07D4-4106-9DFC-01BF9860F4B9}.Release|Any CPU.Build.0 = Release|Any CPU
		{1E341386-3C35-407C-A277-92970FF1221D}.Debug|Any CPU.ActiveCfg = Debug|Any CPU
		{1E341386-3C35-407C-A277-92970FF1221D}.Debug|Any CPU.Build.0 = Debug|Any CPU
		{1E341386-3C35-407C-A277-92970FF1221D}.Release|Any CPU.ActiveCfg = Release|Any CPU
		{1E341386-3C35-407C-A277-92970FF1221D}.Release|Any CPU.Build.0 = Release|Any CPU
		{39CF7F12-8064-4A14-B2E2-1AFDA18A480A}.Debug|Any CPU.ActiveCfg = Debug|Any CPU
		{39CF7F12-8064-4A14-B2E2-1AFDA18A480A}.Debug|Any CPU.Build.0 = Debug|Any CPU
		{39CF7F12-8064-4A14-B2E2-1AFDA18A480A}.Release|Any CPU.ActiveCfg = Release|Any CPU
		{39CF7F12-8064-4A14-B2E2-1AFDA18A480A}.Release|Any CPU.Build.0 = Release|Any CPU
		{94908910-209A-47FE-A66C-5F467F7990BE}.Debug|Any CPU.ActiveCfg = Debug|Any CPU
		{94908910-209A-47FE-A66C-5F467F7990BE}.Debug|Any CPU.Build.0 = Debug|Any CPU
		{94908910-209A-47FE-A66C-5F467F7990BE}.Release|Any CPU.ActiveCfg = Release|Any CPU
		{94908910-209A-47FE-A66C-5F467F7990BE}.Release|Any CPU.Build.0 = Release|Any CPU
		{58110212-F1EF-4851-A9C0-C36F0235522B}.Debug|Any CPU.ActiveCfg = Debug|Any CPU
		{58110212-F1EF-4851-A9C0-C36F0235522B}.Debug|Any CPU.Build.0 = Debug|Any CPU
		{58110212-F1EF-4851-A9C0-C36F0235522B}.Release|Any CPU.ActiveCfg = Release|Any CPU
		{58110212-F1EF-4851-A9C0-C36F0235522B}.Release|Any CPU.Build.0 = Release|Any CPU
		{8B75A8B2-08C3-4222-94F5-BB45D32AD275}.Debug|Any CPU.ActiveCfg = Debug|Any CPU
		{8B75A8B2-08C3-4222-94F5-BB45D32AD275}.Debug|Any CPU.Build.0 = Debug|Any CPU
		{8B75A8B2-08C3-4222-94F5-BB45D32AD275}.Release|Any CPU.ActiveCfg = Release|Any CPU
		{8B75A8B2-08C3-4222-94F5-BB45D32AD275}.Release|Any CPU.Build.0 = Release|Any CPU
		{F9603FC3-141C-4657-9BBB-DD4A51CE0F77}.Debug|Any CPU.ActiveCfg = Debug|Any CPU
		{F9603FC3-141C-4657-9BBB-DD4A51CE0F77}.Debug|Any CPU.Build.0 = Debug|Any CPU
		{F9603FC3-141C-4657-9BBB-DD4A51CE0F77}.Release|Any CPU.ActiveCfg = Release|Any CPU
		{F9603FC3-141C-4657-9BBB-DD4A51CE0F77}.Release|Any CPU.Build.0 = Release|Any CPU
		{4FE8C749-1848-4AB9-B9A4-C014E9ED9D05}.Debug|Any CPU.ActiveCfg = Debug|Any CPU
		{4FE8C749-1848-4AB9-B9A4-C014E9ED9D05}.Debug|Any CPU.Build.0 = Debug|Any CPU
		{4FE8C749-1848-4AB9-B9A4-C014E9ED9D05}.Release|Any CPU.ActiveCfg = Release|Any CPU
		{4FE8C749-1848-4AB9-B9A4-C014E9ED9D05}.Release|Any CPU.Build.0 = Release|Any CPU
		{6F6761F1-1AA6-4278-8177-C5F813126C42}.Debug|Any CPU.ActiveCfg = Debug|Any CPU
		{6F6761F1-1AA6-4278-8177-C5F813126C42}.Debug|Any CPU.Build.0 = Debug|Any CPU
		{6F6761F1-1AA6-4278-8177-C5F813126C42}.Release|Any CPU.ActiveCfg = Release|Any CPU
		{6F6761F1-1AA6-4278-8177-C5F813126C42}.Release|Any CPU.Build.0 = Release|Any CPU
		{71F7AD01-D9D4-455F-ABC3-1836090DE631}.Debug|Any CPU.ActiveCfg = Debug|Any CPU
		{71F7AD01-D9D4-455F-ABC3-1836090DE631}.Debug|Any CPU.Build.0 = Debug|Any CPU
		{71F7AD01-D9D4-455F-ABC3-1836090DE631}.Release|Any CPU.ActiveCfg = Release|Any CPU
		{71F7AD01-D9D4-455F-ABC3-1836090DE631}.Release|Any CPU.Build.0 = Release|Any CPU
		{769DC2D6-3F39-44EC-9B82-6A7B876615B6}.Debug|Any CPU.ActiveCfg = Debug|Any CPU
		{769DC2D6-3F39-44EC-9B82-6A7B876615B6}.Debug|Any CPU.Build.0 = Debug|Any CPU
		{769DC2D6-3F39-44EC-9B82-6A7B876615B6}.Release|Any CPU.ActiveCfg = Release|Any CPU
		{769DC2D6-3F39-44EC-9B82-6A7B876615B6}.Release|Any CPU.Build.0 = Release|Any CPU
		{75CB1B79-AFED-41D1-A570-46632894D8AF}.Debug|Any CPU.ActiveCfg = Debug|Any CPU
		{75CB1B79-AFED-41D1-A570-46632894D8AF}.Debug|Any CPU.Build.0 = Debug|Any CPU
		{75CB1B79-AFED-41D1-A570-46632894D8AF}.Release|Any CPU.ActiveCfg = Release|Any CPU
		{75CB1B79-AFED-41D1-A570-46632894D8AF}.Release|Any CPU.Build.0 = Release|Any CPU
		{F968BE00-760A-4012-8440-9DE65F1A9B0B}.Debug|Any CPU.ActiveCfg = Debug|Any CPU
		{F968BE00-760A-4012-8440-9DE65F1A9B0B}.Debug|Any CPU.Build.0 = Debug|Any CPU
		{F968BE00-760A-4012-8440-9DE65F1A9B0B}.Release|Any CPU.ActiveCfg = Release|Any CPU
		{F968BE00-760A-4012-8440-9DE65F1A9B0B}.Release|Any CPU.Build.0 = Release|Any CPU
		{77539303-D346-457F-BF91-A38650C8F48C}.Debug|Any CPU.ActiveCfg = Debug|Any CPU
		{77539303-D346-457F-BF91-A38650C8F48C}.Debug|Any CPU.Build.0 = Debug|Any CPU
		{77539303-D346-457F-BF91-A38650C8F48C}.Release|Any CPU.ActiveCfg = Release|Any CPU
		{77539303-D346-457F-BF91-A38650C8F48C}.Release|Any CPU.Build.0 = Release|Any CPU
		{2744181E-163C-4BB4-B8A8-C50EAD9BBAEB}.Debug|Any CPU.ActiveCfg = Debug|Any CPU
		{2744181E-163C-4BB4-B8A8-C50EAD9BBAEB}.Debug|Any CPU.Build.0 = Debug|Any CPU
		{2744181E-163C-4BB4-B8A8-C50EAD9BBAEB}.Release|Any CPU.ActiveCfg = Release|Any CPU
		{2744181E-163C-4BB4-B8A8-C50EAD9BBAEB}.Release|Any CPU.Build.0 = Release|Any CPU
		{DBE69C7F-2B12-4556-A728-EFEDA7C8A7B6}.Debug|Any CPU.ActiveCfg = Debug|Any CPU
		{DBE69C7F-2B12-4556-A728-EFEDA7C8A7B6}.Debug|Any CPU.Build.0 = Debug|Any CPU
		{DBE69C7F-2B12-4556-A728-EFEDA7C8A7B6}.Release|Any CPU.ActiveCfg = Release|Any CPU
		{DBE69C7F-2B12-4556-A728-EFEDA7C8A7B6}.Release|Any CPU.Build.0 = Release|Any CPU
		{963FF473-8913-4550-BB9D-AF03F63AC8FC}.Debug|Any CPU.ActiveCfg = Debug|Any CPU
		{963FF473-8913-4550-BB9D-AF03F63AC8FC}.Debug|Any CPU.Build.0 = Debug|Any CPU
		{963FF473-8913-4550-BB9D-AF03F63AC8FC}.Release|Any CPU.ActiveCfg = Release|Any CPU
		{963FF473-8913-4550-BB9D-AF03F63AC8FC}.Release|Any CPU.Build.0 = Release|Any CPU
		{290E3C83-9690-4EBA-B3BB-70C23AF4D5F9}.Debug|Any CPU.ActiveCfg = Debug|Any CPU
		{290E3C83-9690-4EBA-B3BB-70C23AF4D5F9}.Debug|Any CPU.Build.0 = Debug|Any CPU
		{290E3C83-9690-4EBA-B3BB-70C23AF4D5F9}.Release|Any CPU.ActiveCfg = Release|Any CPU
		{290E3C83-9690-4EBA-B3BB-70C23AF4D5F9}.Release|Any CPU.Build.0 = Release|Any CPU
		{8D1057B3-0E71-4D2C-B139-417CFAF6F6F3}.Debug|Any CPU.ActiveCfg = Debug|Any CPU
		{8D1057B3-0E71-4D2C-B139-417CFAF6F6F3}.Debug|Any CPU.Build.0 = Debug|Any CPU
		{8D1057B3-0E71-4D2C-B139-417CFAF6F6F3}.Release|Any CPU.ActiveCfg = Release|Any CPU
		{8D1057B3-0E71-4D2C-B139-417CFAF6F6F3}.Release|Any CPU.Build.0 = Release|Any CPU
		{6BF1096A-6BB3-4F28-AA30-4BBBB02F73CA}.Debug|Any CPU.ActiveCfg = Debug|Any CPU
		{6BF1096A-6BB3-4F28-AA30-4BBBB02F73CA}.Debug|Any CPU.Build.0 = Debug|Any CPU
		{6BF1096A-6BB3-4F28-AA30-4BBBB02F73CA}.Release|Any CPU.ActiveCfg = Release|Any CPU
		{6BF1096A-6BB3-4F28-AA30-4BBBB02F73CA}.Release|Any CPU.Build.0 = Release|Any CPU
		{F4A97CC3-81EA-4273-A5F9-6D4701D86CF8}.Debug|Any CPU.ActiveCfg = Debug|Any CPU
		{F4A97CC3-81EA-4273-A5F9-6D4701D86CF8}.Debug|Any CPU.Build.0 = Debug|Any CPU
		{F4A97CC3-81EA-4273-A5F9-6D4701D86CF8}.Release|Any CPU.ActiveCfg = Release|Any CPU
		{F4A97CC3-81EA-4273-A5F9-6D4701D86CF8}.Release|Any CPU.Build.0 = Release|Any CPU
		{3962590F-CEE3-4231-9C98-ED9D08D5C362}.Debug|Any CPU.ActiveCfg = Debug|Any CPU
		{3962590F-CEE3-4231-9C98-ED9D08D5C362}.Debug|Any CPU.Build.0 = Debug|Any CPU
		{3962590F-CEE3-4231-9C98-ED9D08D5C362}.Release|Any CPU.ActiveCfg = Release|Any CPU
		{3962590F-CEE3-4231-9C98-ED9D08D5C362}.Release|Any CPU.Build.0 = Release|Any CPU
		{B9AB1EE4-C57E-4B11-BCAA-DBFC9F18A69E}.Debug|Any CPU.ActiveCfg = Debug|Any CPU
		{B9AB1EE4-C57E-4B11-BCAA-DBFC9F18A69E}.Debug|Any CPU.Build.0 = Debug|Any CPU
		{B9AB1EE4-C57E-4B11-BCAA-DBFC9F18A69E}.Release|Any CPU.ActiveCfg = Release|Any CPU
		{B9AB1EE4-C57E-4B11-BCAA-DBFC9F18A69E}.Release|Any CPU.Build.0 = Release|Any CPU
		{8A059FD5-AAEC-43D5-823E-D32A706572EE}.Debug|Any CPU.ActiveCfg = Debug|Any CPU
		{8A059FD5-AAEC-43D5-823E-D32A706572EE}.Debug|Any CPU.Build.0 = Debug|Any CPU
		{8A059FD5-AAEC-43D5-823E-D32A706572EE}.Release|Any CPU.ActiveCfg = Release|Any CPU
		{8A059FD5-AAEC-43D5-823E-D32A706572EE}.Release|Any CPU.Build.0 = Release|Any CPU
		{88F4B680-090D-4009-8E5F-D73385CF2206}.Debug|Any CPU.ActiveCfg = Debug|Any CPU
		{88F4B680-090D-4009-8E5F-D73385CF2206}.Debug|Any CPU.Build.0 = Debug|Any CPU
		{88F4B680-090D-4009-8E5F-D73385CF2206}.Release|Any CPU.ActiveCfg = Release|Any CPU
		{88F4B680-090D-4009-8E5F-D73385CF2206}.Release|Any CPU.Build.0 = Release|Any CPU
	EndGlobalSection
	GlobalSection(SolutionProperties) = preSolution
		HideSolutionNode = FALSE
	EndGlobalSection
	GlobalSection(NestedProjects) = preSolution
		{F91F81ED-A494-4454-8535-53BC1E486BDC} = {8128BADA-40E1-4C83-ACE7-C55E1AE65730}
		{3BD7FD6C-5DAB-4CCC-ADA5-B08079218AB9} = {8128BADA-40E1-4C83-ACE7-C55E1AE65730}
		{BE58288C-8D9D-4226-95A6-F7579B2F5F10} = {8128BADA-40E1-4C83-ACE7-C55E1AE65730}
		{FC27694D-476C-4A12-9BB3-8F6299020A25} = {8128BADA-40E1-4C83-ACE7-C55E1AE65730}
		{E90AE0FD-1049-445D-A0E4-F25B05A9E3EC} = {5D2FCC45-6544-45EB-A597-AD700C356B73}
		{5D2FCC45-6544-45EB-A597-AD700C356B73} = {3BD7FD6C-5DAB-4CCC-ADA5-B08079218AB9}
		{E3EB538A-47D1-482D-8295-FC69E5360EFA} = {3BD7FD6C-5DAB-4CCC-ADA5-B08079218AB9}
		{F1B2491C-5DCC-422A-B6E8-8A70A8BAF30B} = {3BD7FD6C-5DAB-4CCC-ADA5-B08079218AB9}
		{CBE5D969-54DD-4D57-8C7A-3D2E84B040A6} = {3BD7FD6C-5DAB-4CCC-ADA5-B08079218AB9}
		{018C0A7D-07D4-4106-9DFC-01BF9860F4B9} = {CBE5D969-54DD-4D57-8C7A-3D2E84B040A6}
		{1E341386-3C35-407C-A277-92970FF1221D} = {F1B2491C-5DCC-422A-B6E8-8A70A8BAF30B}
		{39CF7F12-8064-4A14-B2E2-1AFDA18A480A} = {E3EB538A-47D1-482D-8295-FC69E5360EFA}
		{BDF55C75-4D74-4A8F-96D8-75A0E026D83E} = {8128BADA-40E1-4C83-ACE7-C55E1AE65730}
		{94908910-209A-47FE-A66C-5F467F7990BE} = {BDF55C75-4D74-4A8F-96D8-75A0E026D83E}
		{58110212-F1EF-4851-A9C0-C36F0235522B} = {BDF55C75-4D74-4A8F-96D8-75A0E026D83E}
		{8B75A8B2-08C3-4222-94F5-BB45D32AD275} = {BDF55C75-4D74-4A8F-96D8-75A0E026D83E}
		{F9603FC3-141C-4657-9BBB-DD4A51CE0F77} = {E3EB538A-47D1-482D-8295-FC69E5360EFA}
		{CCBF0A79-D7E6-4686-8A2E-4A613DD61ED2} = {3BD7FD6C-5DAB-4CCC-ADA5-B08079218AB9}
		{4FE8C749-1848-4AB9-B9A4-C014E9ED9D05} = {CCBF0A79-D7E6-4686-8A2E-4A613DD61ED2}
		{6F6761F1-1AA6-4278-8177-C5F813126C42} = {98C75292-354D-4391-877E-BC338F7E79E2}
		{321245B7-70FC-4295-8D49-F8486EA3D41B} = {3BD7FD6C-5DAB-4CCC-ADA5-B08079218AB9}
		{71F7AD01-D9D4-455F-ABC3-1836090DE631} = {321245B7-70FC-4295-8D49-F8486EA3D41B}
		{0D067133-DC69-46BA-B265-3DB6EC79CAAC} = {BE58288C-8D9D-4226-95A6-F7579B2F5F10}
		{B6F6D216-4519-4F97-A784-A6D9DDFA555E} = {BE58288C-8D9D-4226-95A6-F7579B2F5F10}
		{3EFB46D4-EA5E-4B28-ADC6-C5D06412BA11} = {BE58288C-8D9D-4226-95A6-F7579B2F5F10}
		{8E118AFA-E17D-4A00-828C-40B9E5BA907D} = {BE58288C-8D9D-4226-95A6-F7579B2F5F10}
		{8B693897-3506-4755-A0D8-C0A81FE68459} = {BE58288C-8D9D-4226-95A6-F7579B2F5F10}
		{C969873B-E72C-4863-989B-A6B8FE5422C2} = {BE58288C-8D9D-4226-95A6-F7579B2F5F10}
		{769DC2D6-3F39-44EC-9B82-6A7B876615B6} = {8E118AFA-E17D-4A00-828C-40B9E5BA907D}
		{75CB1B79-AFED-41D1-A570-46632894D8AF} = {3EFB46D4-EA5E-4B28-ADC6-C5D06412BA11}
		{F968BE00-760A-4012-8440-9DE65F1A9B0B} = {0D067133-DC69-46BA-B265-3DB6EC79CAAC}
		{77539303-D346-457F-BF91-A38650C8F48C} = {B6F6D216-4519-4F97-A784-A6D9DDFA555E}
		{2744181E-163C-4BB4-B8A8-C50EAD9BBAEB} = {B6F6D216-4519-4F97-A784-A6D9DDFA555E}
		{DF09E41E-05F6-4CAA-9AA7-600324901E6F} = {FC27694D-476C-4A12-9BB3-8F6299020A25}
		{E95AB28B-D090-4110-8B00-957153158F16} = {FC27694D-476C-4A12-9BB3-8F6299020A25}
		{3DC59751-A3D8-403D-A3B5-0350CCB1ECE2} = {FC27694D-476C-4A12-9BB3-8F6299020A25}
		{9AD2D9EC-FB4C-4489-8034-FB56E5607831} = {FC27694D-476C-4A12-9BB3-8F6299020A25}
		{CB734B6F-A3E1-48C9-AB3B-13153DDEF543} = {FC27694D-476C-4A12-9BB3-8F6299020A25}
		{A991EFAF-BECE-42A0-B336-8D0068007B65} = {FC27694D-476C-4A12-9BB3-8F6299020A25}
		{DBE69C7F-2B12-4556-A728-EFEDA7C8A7B6} = {9AD2D9EC-FB4C-4489-8034-FB56E5607831}
		{963FF473-8913-4550-BB9D-AF03F63AC8FC} = {CB734B6F-A3E1-48C9-AB3B-13153DDEF543}
		{290E3C83-9690-4EBA-B3BB-70C23AF4D5F9} = {3DC59751-A3D8-403D-A3B5-0350CCB1ECE2}
		{8D1057B3-0E71-4D2C-B139-417CFAF6F6F3} = {DF09E41E-05F6-4CAA-9AA7-600324901E6F}
		{6BF1096A-6BB3-4F28-AA30-4BBBB02F73CA} = {E95AB28B-D090-4110-8B00-957153158F16}
		{F4A97CC3-81EA-4273-A5F9-6D4701D86CF8} = {E95AB28B-D090-4110-8B00-957153158F16}
		{3962590F-CEE3-4231-9C98-ED9D08D5C362} = {E95AB28B-D090-4110-8B00-957153158F16}
		{78FD0FEC-F720-4641-A449-A88B0AF7A833} = {F91F81ED-A494-4454-8535-53BC1E486BDC}
		{5ED9F912-9D72-42D0-99C2-44F911CC4072} = {F91F81ED-A494-4454-8535-53BC1E486BDC}
		{4039B62B-4BB3-435D-A686-C2E5F57318CF} = {F91F81ED-A494-4454-8535-53BC1E486BDC}
		{C51CB01B-9F51-4361-9EA7-2170D79AD3B7} = {F91F81ED-A494-4454-8535-53BC1E486BDC}
		{B9AB1EE4-C57E-4B11-BCAA-DBFC9F18A69E} = {C51CB01B-9F51-4361-9EA7-2170D79AD3B7}
		{8A059FD5-AAEC-43D5-823E-D32A706572EE} = {4039B62B-4BB3-435D-A686-C2E5F57318CF}
		{88F4B680-090D-4009-8E5F-D73385CF2206} = {78FD0FEC-F720-4641-A449-A88B0AF7A833}
	EndGlobalSection
	GlobalSection(ExtensibilityGlobals) = postSolution
		SolutionGuid = {EC41BFFD-3A6C-4BAD-8154-6B1917DB30A9}
	EndGlobalSection
EndGlobal
